
Microsoft Visual Studio Solution File, Format Version 12.00
# Visual Studio Version 17
VisualStudioVersion = 17.14.36717.8 d17.14
MinimumVisualStudioVersion = 10.0.40219.1
Project("{FAE04EC0-301F-11D3-BF4B-00C04F79EFBC}") = "Monopoly.Tests", "Monopoly.Tests.csproj", "{ED6EEB40-3BD2-50B4-4E3E-ACE78E6407F9}"
EndProject
Global
	GlobalSection(SolutionConfigurationPlatforms) = preSolution
		Debug|Any CPU = Debug|Any CPU
		Release|Any CPU = Release|Any CPU
	EndGlobalSection
	GlobalSection(ProjectConfigurationPlatforms) = postSolution
		{ED6EEB40-3BD2-50B4-4E3E-ACE78E6407F9}.Debug|Any CPU.ActiveCfg = Debug|Any CPU
		{ED6EEB40-3BD2-50B4-4E3E-ACE78E6407F9}.Debug|Any CPU.Build.0 = Debug|Any CPU
		{ED6EEB40-3BD2-50B4-4E3E-ACE78E6407F9}.Release|Any CPU.ActiveCfg = Release|Any CPU
		{ED6EEB40-3BD2-50B4-4E3E-ACE78E6407F9}.Release|Any CPU.Build.0 = Release|Any CPU
	EndGlobalSection
	GlobalSection(SolutionProperties) = preSolution
		HideSolutionNode = FALSE
	EndGlobalSection
	GlobalSection(ExtensibilityGlobals) = postSolution
		SolutionGuid = {E9B9675C-9C98-4722-8160-2B2F5DA49A87}
	EndGlobalSection
EndGlobal
